
Microsoft Visual Studio Solution File, Format Version 12.00
# Visual Studio 15
VisualStudioVersion = 15.0.28010.2050
MinimumVisualStudioVersion = 10.0.40219.1
Project("{FAE04EC0-301F-11D3-BF4B-00C04F79EFBC}") = "well", "well\well.csproj", "{F67AF1C2-44E3-4360-830D-5D27186A0545}"
EndProject
Global
	GlobalSection(SolutionConfigurationPlatforms) = preSolution
		Debug|Any CPU = Debug|Any CPU
		Release|Any CPU = Release|Any CPU
	EndGlobalSection
	GlobalSection(ProjectConfigurationPlatforms) = postSolution
		{F67AF1C2-44E3-4360-830D-5D27186A0545}.Debug|Any CPU.ActiveCfg = Debug|Any CPU
		{F67AF1C2-44E3-4360-830D-5D27186A0545}.Debug|Any CPU.Build.0 = Debug|Any CPU
		{F67AF1C2-44E3-4360-830D-5D27186A0545}.Release|Any CPU.ActiveCfg = Release|Any CPU
		{F67AF1C2-44E3-4360-830D-5D27186A0545}.Release|Any CPU.Build.0 = Release|Any CPU
	EndGlobalSection
	GlobalSection(SolutionProperties) = preSolution
		HideSolutionNode = FALSE
	EndGlobalSection
	GlobalSection(ExtensibilityGlobals) = postSolution
		SolutionGuid = {DE482EB9-09E4-48A2-90D9-B5A13BFF8545}
	EndGlobalSection
EndGlobal
